{
    "_meta": {
        "hash": {
            "sha256": "a1b93f3242491792089d0aeab1994b0d833cd91e192603b6c35aab041eb0f195"
        },
        "pipfile-spec": 6,
        "requires": {
            "python_version": "3.6"
        },
        "sources": [
            {
                "name": "pypi",
                "url": "https://pypi.org/simple",
                "verify_ssl": true
            }
        ]
    },
    "default": {
        "asyncio": {
            "hashes": [
                "sha256:83360ff8bc97980e4ff25c964c7bd3923d333d177aa4f7fb736b019f26c7cb41",
                "sha256:b62c9157d36187eca799c378e572c969f0da87cd5fc42ca372d92cdb06e7e1de",
                "sha256:c46a87b48213d7464f22d9a497b9eef8c1928b68320a2fa94240f969f6fec08c",
                "sha256:c4d18b22701821de07bd6aea8b53d21449ec0ec5680645e5317062ea21817d2d"
            ],
            "index": "pypi",
            "version": "==3.4.3"
        },
        "asyncio-nats-client": {
            "hashes": [
                "sha256:12ac47284b20bd0359ee9579972892c8d8a08d23c2bbcf6f637b6f2feff3aa4d"
            ],
            "index": "pypi",
            "version": "==0.8.2"
        },
        "dataclasses": {
            "hashes": [
                "sha256:454a69d788c7fda44efd71e259be79577822f5e3f53f029a22d08004e951dc9f",
                "sha256:6988bd2b895eef432d562370bb707d540f32f7360ab13da45340101bc2307d84"
            ],
            "markers": "python_version >= '3.6' and python_version < '3.7'",
            "version": "==0.6"
        },
        "nats-python": {
            "hashes": [
                "sha256:44d383c39283dc3d613c77323300a2e96f463f5d604ef6696a7b9a23349d6481",
                "sha256:96cd89118bf4ca5c0543dcda0fc165f2a5d2fb7443c5b767ac134752a3ff4fa2"
            ],
            "index": "pypi",
            "version": "==0.4.0"
        }
    },
    "develop": {}
}
